
Microsoft Visual Studio Solution File, Format Version 12.00
# Visual Studio Version 17
VisualStudioVersion = 17.14.36429.23 d17.14
MinimumVisualStudioVersion = 10.0.40219.1
Project("{FAE04EC0-301F-11D3-BF4B-00C04F79EFBC}") = "llab1", "llab1\llab1.csproj", "{EBE5A4BD-37EC-4152-A932-00EE27507479}"
EndProject
Global
	GlobalSection(SolutionConfigurationPlatforms) = preSolution
		Debug|Any CPU = Debug|Any CPU
		Release|Any CPU = Release|Any CPU
	EndGlobalSection
	GlobalSection(ProjectConfigurationPlatforms) = postSolution
		{EBE5A4BD-37EC-4152-A932-00EE27507479}.Debug|Any CPU.ActiveCfg = Debug|Any CPU
		{EBE5A4BD-37EC-4152-A932-00EE27507479}.Debug|Any CPU.Build.0 = Debug|Any CPU
		{EBE5A4BD-37EC-4152-A932-00EE27507479}.Release|Any CPU.ActiveCfg = Release|Any CPU
		{EBE5A4BD-37EC-4152-A932-00EE27507479}.Release|Any CPU.Build.0 = Release|Any CPU
	EndGlobalSection
	GlobalSection(SolutionProperties) = preSolution
		HideSolutionNode = FALSE
	EndGlobalSection
	GlobalSection(ExtensibilityGlobals) = postSolution
		SolutionGuid = {B18E06C2-E0CC-47D1-941F-EBE145A8017A}
	EndGlobalSection
EndGlobal
